// !$*UTF8*$!
{
	archiveVersion = 1;
	classes = {
	};
	objectVersion = 46;
	objects = {

/* Begin PBXBuildFile section */
		E306F0191F37980800B0251D /* AppDelegate.swift in Sources */ = {isa = PBXBuildFile; fileRef = E306F0181F37980800B0251D /* AppDelegate.swift */; };
		E306F01B1F37980800B0251D /* ViewController.swift in Sources */ = {isa = PBXBuildFile; fileRef = E306F01A1F37980800B0251D /* ViewController.swift */; };
		E306F01E1F37980800B0251D /* Main.storyboard in Resources */ = {isa = PBXBuildFile; fileRef = E306F01C1F37980800B0251D /* Main.storyboard */; };
		E306F0211F37980800B0251D /* STS1.xcdatamodeld in Sources */ = {isa = PBXBuildFile; fileRef = E306F01F1F37980800B0251D /* STS1.xcdatamodeld */; };
		E306F0231F37980800B0251D /* Assets.xcassets in Resources */ = {isa = PBXBuildFile; fileRef = E306F0221F37980800B0251D /* Assets.xcassets */; };
		E306F0261F37980800B0251D /* LaunchScreen.storyboard in Resources */ = {isa = PBXBuildFile; fileRef = E306F0241F37980800B0251D /* LaunchScreen.storyboard */; };
		E306F0311F37980800B0251D /* STS1Tests.swift in Sources */ = {isa = PBXBuildFile; fileRef = E306F0301F37980800B0251D /* STS1Tests.swift */; };
		E306F03C1F37980900B0251D /* STS1UITests.swift in Sources */ = {isa = PBXBuildFile; fileRef = E306F03B1F37980900B0251D /* STS1UITests.swift */; };
/* End PBXBuildFile section */

/* Begin PBXContainerItemProxy section */
		E306F02D1F37980800B0251D /* PBXContainerItemProxy */ = {
			isa = PBXContainerItemProxy;
			containerPortal = E306F00D1F37980800B0251D /* Project object */;
			proxyType = 1;
			remoteGlobalIDString = E306F0141F37980800B0251D;
			remoteInfo = STS1;
		};
		E306F0381F37980800B0251D /* PBXContainerItemProxy */ = {
			isa = PBXContainerItemProxy;
			containerPortal = E306F00D1F37980800B0251D /* Project object */;
			proxyType = 1;
			remoteGlobalIDString = E306F0141F37980800B0251D;
			remoteInfo = STS1;
		};
/* End PBXContainerItemProxy section */

/* Begin PBXFileReference section */
		E306F0151F37980800B0251D /* STS1.app */ = {isa = PBXFileReference; explicitFileType = wrapper.application; includeInIndex = 0; path = STS1.app; sourceTree = BUILT_PRODUCTS_DIR; };
		E306F0181F37980800B0251D /* AppDelegate.swift */ = {isa = PBXFileReference; lastKnownFileType = sourcecode.swift; path = AppDelegate.swift; sourceTree = "<group>"; };
		E306F01A1F37980800B0251D /* ViewController.swift */ = {isa = PBXFileReference; lastKnownFileType = sourcecode.swift; path = ViewController.swift; sourceTree = "<group>"; };
		E306F01D1F37980800B0251D /* Base */ = {isa = PBXFileReference; lastKnownFileType = file.storyboard; name = Base; path = Base.lproj/Main.storyboard; sourceTree = "<group>"; };
		E306F0201F37980800B0251D /* STS1.xcdatamodel */ = {isa = PBXFileReference; lastKnownFileType = wrapper.xcdatamodel; path = STS1.xcdatamodel; sourceTree = "<group>"; };
		E306F0221F37980800B0251D /* Assets.xcassets */ = {isa = PBXFileReference; lastKnownFileType = folder.assetcatalog; path = Assets.xcassets; sourceTree = "<group>"; };
		E306F0251F37980800B0251D /* Base */ = {isa = PBXFileReference; lastKnownFileType = file.storyboard; name = Base; path = Base.lproj/LaunchScreen.storyboard; sourceTree = "<group>"; };
		E306F0271F37980800B0251D /* Info.plist */ = {isa = PBXFileReference; lastKnownFileType = text.plist.xml; path = Info.plist; sourceTree = "<group>"; };
		E306F02C1F37980800B0251D /* STS1Tests.xctest */ = {isa = PBXFileReference; explicitFileType = wrapper.cfbundle; includeInIndex = 0; path = STS1Tests.xctest; sourceTree = BUILT_PRODUCTS_DIR; };
		E306F0301F37980800B0251D /* STS1Tests.swift */ = {isa = PBXFileReference; lastKnownFileType = sourcecode.swift; path = STS1Tests.swift; sourceTree = "<group>"; };
		E306F0321F37980800B0251D /* Info.plist */ = {isa = PBXFileReference; lastKnownFileType = text.plist.xml; path = Info.plist; sourceTree = "<group>"; };
		E306F0371F37980800B0251D /* STS1UITests.xctest */ = {isa = PBXFileReference; explicitFileType = wrapper.cfbundle; includeInIndex = 0; path = STS1UITests.xctest; sourceTree = BUILT_PRODUCTS_DIR; };
		E306F03B1F37980900B0251D /* STS1UITests.swift */ = {isa = PBXFileReference; lastKnownFileType = sourcecode.swift; path = STS1UITests.swift; sourceTree = "<group>"; };
		E306F03D1F37980900B0251D /* Info.plist */ = {isa = PBXFileReference; lastKnownFileType = text.plist.xml; path = Info.plist; sourceTree = "<group>"; };
/* End PBXFileReference section */

/* Begin PBXFrameworksBuildPhase section */
		E306F0121F37980800B0251D /* Frameworks */ = {
			isa = PBXFrameworksBuildPhase;
			buildActionMask = 2147483647;
			files = (
			);
			runOnlyForDeploymentPostprocessing = 0;
		};
		E306F0291F37980800B0251D /* Frameworks */ = {
			isa = PBXFrameworksBuildPhase;
			buildActionMask = 2147483647;
			files = (
			);
			runOnlyForDeploymentPostprocessing = 0;
		};
		E306F0341F37980800B0251D /* Frameworks */ = {
			isa = PBXFrameworksBuildPhase;
			buildActionMask = 2147483647;
			files = (
			);
			runOnlyForDeploymentPostprocessing = 0;
		};
/* End PBXFrameworksBuildPhase section */

/* Begin PBXGroup section */
		E306F00C1F37980800B0251D = {
			isa = PBXGroup;
			children = (
				E306F0171F37980800B0251D /* STS1 */,
				E306F02F1F37980800B0251D /* STS1Tests */,
				E306F03A1F37980900B0251D /* STS1UITests */,
				E306F0161F37980800B0251D /* Products */,
			);
			sourceTree = "<group>";
		};
		E306F0161F37980800B0251D /* Products */ = {
			isa = PBXGroup;
			children = (
				E306F0151F37980800B0251D /* STS1.app */,
				E306F02C1F37980800B0251D /* STS1Tests.xctest */,
				E306F0371F37980800B0251D /* STS1UITests.xctest */,
			);
			name = Products;
			sourceTree = "<group>";
		};
		E306F0171F37980800B0251D /* STS1 */ = {
			isa = PBXGroup;
			children = (
				E306F0181F37980800B0251D /* AppDelegate.swift */,
				E306F01A1F37980800B0251D /* ViewController.swift */,
				E306F01C1F37980800B0251D /* Main.storyboard */,
				E306F0221F37980800B0251D /* Assets.xcassets */,
				E306F0241F37980800B0251D /* LaunchScreen.storyboard */,
				E306F0271F37980800B0251D /* Info.plist */,
				E306F01F1F37980800B0251D /* STS1.xcdatamodeld */,
			);
			path = STS1;
			sourceTree = "<group>";
		};
		E306F02F1F37980800B0251D /* STS1Tests */ = {
			isa = PBXGroup;
			children = (
				E306F0301F37980800B0251D /* STS1Tests.swift */,
				E306F0321F37980800B0251D /* Info.plist */,
			);
			path = STS1Tests;
			sourceTree = "<group>";
		};
		E306F03A1F37980900B0251D /* STS1UITests */ = {
			isa = PBXGroup;
			children = (
				E306F03B1F37980900B0251D /* STS1UITests.swift */,
				E306F03D1F37980900B0251D /* Info.plist */,
			);
			path = STS1UITests;
			sourceTree = "<group>";
		};
/* End PBXGroup section */

/* Begin PBXNativeTarget section */
		E306F0141F37980800B0251D /* STS1 */ = {
			isa = PBXNativeTarget;
			buildConfigurationList = E306F0401F37980900B0251D /* Build configuration list for PBXNativeTarget "STS1" */;
			buildPhases = (
				E306F0111F37980800B0251D /* Sources */,
				E306F0121F37980800B0251D /* Frameworks */,
				E306F0131F37980800B0251D /* Resources */,
			);
			buildRules = (
			);
			dependencies = (
			);
			name = STS1;
			productName = STS1;
			productReference = E306F0151F37980800B0251D /* STS1.app */;
			productType = "com.apple.product-type.application";
		};
		E306F02B1F37980800B0251D /* STS1Tests */ = {
			isa = PBXNativeTarget;
			buildConfigurationList = E306F0431F37980900B0251D /* Build configuration list for PBXNativeTarget "STS1Tests" */;
			buildPhases = (
				E306F0281F37980800B0251D /* Sources */,
				E306F0291F37980800B0251D /* Frameworks */,
				E306F02A1F37980800B0251D /* Resources */,
			);
			buildRules = (
			);
			dependencies = (
				E306F02E1F37980800B0251D /* PBXTargetDependency */,
			);
			name = STS1Tests;
			productName = STS1Tests;
			productReference = E306F02C1F37980800B0251D /* STS1Tests.xctest */;
			productType = "com.apple.product-type.bundle.unit-test";
		};
		E306F0361F37980800B0251D /* STS1UITests */ = {
			isa = PBXNativeTarget;
			buildConfigurationList = E306F0461F37980900B0251D /* Build configuration list for PBXNativeTarget "STS1UITests" */;
			buildPhases = (
				E306F0331F37980800B0251D /* Sources */,
				E306F0341F37980800B0251D /* Frameworks */,
				E306F0351F37980800B0251D /* Resources */,
			);
			buildRules = (
			);
			dependencies = (
				E306F0391F37980800B0251D /* PBXTargetDependency */,
			);
			name = STS1UITests;
			productName = STS1UITests;
			productReference = E306F0371F37980800B0251D /* STS1UITests.xctest */;
			productType = "com.apple.product-type.bundle.ui-testing";
		};
/* End PBXNativeTarget section */

/* Begin PBXProject section */
		E306F00D1F37980800B0251D /* Project object */ = {
			isa = PBXProject;
			attributes = {
				LastSwiftUpdateCheck = 0830;
				LastUpgradeCheck = 0830;
				ORGANIZATIONNAME = "Francois Technology";
				TargetAttributes = {
					E306F0141F37980800B0251D = {
						CreatedOnToolsVersion = 8.3.3;
						DevelopmentTeam = D4T692RC82;
						ProvisioningStyle = Automatic;
					};
					E306F02B1F37980800B0251D = {
						CreatedOnToolsVersion = 8.3.3;
						DevelopmentTeam = D4T692RC82;
						ProvisioningStyle = Automatic;
						TestTargetID = E306F0141F37980800B0251D;
					};
					E306F0361F37980800B0251D = {
						CreatedOnToolsVersion = 8.3.3;
						DevelopmentTeam = D4T692RC82;
						ProvisioningStyle = Automatic;
						TestTargetID = E306F0141F37980800B0251D;
					};
				};
			};
			buildConfigurationList = E306F0101F37980800B0251D /* Build configuration list for PBXProject "STS1" */;
			compatibilityVersion = "Xcode 3.2";
			developmentRegion = English;
			hasScannedForEncodings = 0;
			knownRegions = (
				en,
				Base,
			);
			mainGroup = E306F00C1F37980800B0251D;
			productRefGroup = E306F0161F37980800B0251D /* Products */;
			projectDirPath = "";
			projectRoot = "";
			targets = (
				E306F0141F37980800B0251D /* STS1 */,
				E306F02B1F37980800B0251D /* STS1Tests */,
				E306F0361F37980800B0251D /* STS1UITests */,
			);
		};
/* End PBXProject section */

/* Begin PBXResourcesBuildPhase section */
		E306F0131F37980800B0251D /* Resources */ = {
			isa = PBXResourcesBuildPhase;
			buildActionMask = 2147483647;
			files = (
				E306F0261F37980800B0251D /* LaunchScreen.storyboard in Resources */,
				E306F0231F37980800B0251D /* Assets.xcassets in Resources */,
				E306F01E1F37980800B0251D /* Main.storyboard in Resources */,
			);
			runOnlyForDeploymentPostprocessing = 0;
		};
		E306F02A1F37980800B0251D /* Resources */ = {
			isa = PBXResourcesBuildPhase;
			buildActionMask = 2147483647;
			files = (
			);
			runOnlyForDeploymentPostprocessing = 0;
		};
		E306F0351F37980800B0251D /* Resources */ = {
			isa = PBXResourcesBuildPhase;
			buildActionMask = 2147483647;
			files = (
			);
			runOnlyForDeploymentPostprocessing = 0;
		};
/* End PBXResourcesBuildPhase section */

/* Begin PBXSourcesBuildPhase section */
		E306F0111F37980800B0251D /* Sources */ = {
			isa = PBXSourcesBuildPhase;
			buildActionMask = 2147483647;
			files = (
				E306F0211F37980800B0251D /* STS1.xcdatamodeld in Sources */,
				E306F01B1F37980800B0251D /* ViewController.swift in Sources */,
				E306F0191F37980800B0251D /* AppDelegate.swift in Sources */,
			);
			runOnlyForDeploymentPostprocessing = 0;
		};
		E306F0281F37980800B0251D /* Sources */ = {
			isa = PBXSourcesBuildPhase;
			buildActionMask = 2147483647;
			files = (
				E306F0311F37980800B0251D /* STS1Tests.swift in Sources */,
			);
			runOnlyForDeploymentPostprocessing = 0;
		};
		E306F0331F37980800B0251D /* Sources */ = {
			isa = PBXSourcesBuildPhase;
			buildActionMask = 2147483647;
			files = (
				E306F03C1F37980900B0251D /* STS1UITests.swift in Sources */,
			);
			runOnlyForDeploymentPostprocessing = 0;
		};
/* End PBXSourcesBuildPhase section */

/* Begin PBXTargetDependency section */
		E306F02E1F37980800B0251D /* PBXTargetDependency */ = {
			isa = PBXTargetDependency;
			target = E306F0141F37980800B0251D /* STS1 */;
			targetProxy = E306F02D1F37980800B0251D /* PBXContainerItemProxy */;
		};
		E306F0391F37980800B0251D /* PBXTargetDependency */ = {
			isa = PBXTargetDependency;
			target = E306F0141F37980800B0251D /* STS1 */;
			targetProxy = E306F0381F37980800B0251D /* PBXContainerItemProxy */;
		};
/* End PBXTargetDependency section */

/* Begin PBXVariantGroup section */
		E306F01C1F37980800B0251D /* Main.storyboard */ = {
			isa = PBXVariantGroup;
			children = (
				E306F01D1F37980800B0251D /* Base */,
			);
			name = Main.storyboard;
			sourceTree = "<group>";
		};
		E306F0241F37980800B0251D /* LaunchScreen.storyboard */ = {
			isa = PBXVariantGroup;
			children = (
				E306F0251F37980800B0251D /* Base */,
			);
			name = LaunchScreen.storyboard;
			sourceTree = "<group>";
		};
/* End PBXVariantGroup section */

/* Begin XCBuildConfiguration section */
		E306F03E1F37980900B0251D /* Debug */ = {
			isa = XCBuildConfiguration;
			buildSettings = {
				ALWAYS_SEARCH_USER_PATHS = NO;
				CLANG_ANALYZER_NONNULL = YES;
				CLANG_ANALYZER_NUMBER_OBJECT_CONVERSION = YES_AGGRESSIVE;
				CLANG_CXX_LANGUAGE_STANDARD = "gnu++0x";
				CLANG_CXX_LIBRARY = "libc++";
				CLANG_ENABLE_MODULES = YES;
				CLANG_ENABLE_OBJC_ARC = YES;
				CLANG_WARN_BOOL_CONVERSION = YES;
				CLANG_WARN_CONSTANT_CONVERSION = YES;
				CLANG_WARN_DIRECT_OBJC_ISA_USAGE = YES_ERROR;
				CLANG_WARN_DOCUMENTATION_COMMENTS = YES;
				CLANG_WARN_EMPTY_BODY = YES;
				CLANG_WARN_ENUM_CONVERSION = YES;
				CLANG_WARN_INFINITE_RECURSION = YES;
				CLANG_WARN_INT_CONVERSION = YES;
				CLANG_WARN_OBJC_ROOT_CLASS = YES_ERROR;
				CLANG_WARN_SUSPICIOUS_MOVE = YES;
				CLANG_WARN_UNREACHABLE_CODE = YES;
				CLANG_WARN__DUPLICATE_METHOD_MATCH = YES;
				"CODE_SIGN_IDENTITY[sdk=iphoneos*]" = "iPhone Developer";
				COPY_PHASE_STRIP = NO;
				DEBUG_INFORMATION_FORMAT = dwarf;
				ENABLE_STRICT_OBJC_MSGSEND = YES;
				ENABLE_TESTABILITY = YES;
				GCC_C_LANGUAGE_STANDARD = gnu99;
				GCC_DYNAMIC_NO_PIC = NO;
				GCC_NO_COMMON_BLOCKS = YES;
				GCC_OPTIMIZATION_LEVEL = 0;
				GCC_PREPROCESSOR_DEFINITIONS = (
					"DEBUG=1",
					"$(inherited)",
				);
				GCC_WARN_64_TO_32_BIT_CONVERSION = YES;
				GCC_WARN_ABOUT_RETURN_TYPE = YES_ERROR;
				GCC_WARN_UNDECLARED_SELECTOR = YES;
				GCC_WARN_UNINITIALIZED_AUTOS = YES_AGGRESSIVE;
				GCC_WARN_UNUSED_FUNCTION = YES;
				GCC_WARN_UNUSED_VARIABLE = YES;
				IPHONEOS_DEPLOYMENT_TARGET = 10.3;
				MTL_ENABLE_DEBUG_INFO = YES;
				ONLY_ACTIVE_ARCH = YES;
				SDKROOT = iphoneos;
				SWIFT_ACTIVE_COMPILATION_CONDITIONS = DEBUG;
				SWIFT_OPTIMIZATION_LEVEL = "-Onone";
				TARGETED_DEVICE_FAMILY = "1,2";
			};
			name = Debug;
		};
		E306F03F1F37980900B0251D /* Release */ = {
			isa = XCBuildConfiguration;
			buildSettings = {
				ALWAYS_SEARCH_USER_PATHS = NO;
				CLANG_ANALYZER_NONNULL = YES;
				CLANG_ANALYZER_NUMBER_OBJECT_CONVERSION = YES_AGGRESSIVE;
				CLANG_CXX_LANGUAGE_STANDARD = "gnu++0x";
				CLANG_CXX_LIBRARY = "libc++";
				CLANG_ENABLE_MODULES = YES;
				CLANG_ENABLE_OBJC_ARC = YES;
				CLANG_WARN_BOOL_CONVERSION = YES;
				CLANG_WARN_CONSTANT_CONVERSION = YES;
				CLANG_WARN_DIRECT_OBJC_ISA_USAGE = YES_ERROR;
				CLANG_WARN_DOCUMENTATION_COMMENTS = YES;
				CLANG_WARN_EMPTY_BODY = YES;
				CLANG_WARN_ENUM_CONVERSION = YES;
				CLANG_WARN_INFINITE_RECURSION = YES;
				CLANG_WARN_INT_CONVERSION = YES;
				CLANG_WARN_OBJC_ROOT_CLASS = YES_ERROR;
				CLANG_WARN_SUSPICIOUS_MOVE = YES;
				CLANG_WARN_UNREACHABLE_CODE = YES;
				CLANG_WARN__DUPLICATE_METHOD_MATCH = YES;
				"CODE_SIGN_IDENTITY[sdk=iphoneos*]" = "iPhone Developer";
				COPY_PHASE_STRIP = NO;
				DEBUG_INFORMATION_FORMAT = "dwarf-with-dsym";
				ENABLE_NS_ASSERTIONS = NO;
				ENABLE_STRICT_OBJC_MSGSEND = YES;
				GCC_C_LANGUAGE_STANDARD = gnu99;
				GCC_NO_COMMON_BLOCKS = YES;
				GCC_WARN_64_TO_32_BIT_CONVERSION = YES;
				GCC_WARN_ABOUT_RETURN_TYPE = YES_ERROR;
				GCC_WARN_UNDECLARED_SELECTOR = YES;
				GCC_WARN_UNINITIALIZED_AUTOS = YES_AGGRESSIVE;
				GCC_WARN_UNUSED_FUNCTION = YES;
				GCC_WARN_UNUSED_VARIABLE = YES;
				IPHONEOS_DEPLOYMENT_TARGET = 10.3;
				MTL_ENABLE_DEBUG_INFO = NO;
				SDKROOT = iphoneos;
				SWIFT_OPTIMIZATION_LEVEL = "-Owholemodule";
				TARGETED_DEVICE_FAMILY = "1,2";
				VALIDATE_PRODUCT = YES;
			};
			name = Release;
		};
		E306F0411F37980900B0251D /* Debug */ = {
			isa = XCBuildConfiguration;
			buildSettings = {
				ASSETCATALOG_COMPILER_APPICON_NAME = AppIcon;
				DEVELOPMENT_TEAM = D4T692RC82;
				INFOPLIST_FILE = STS1/Info.plist;
				IPHONEOS_DEPLOYMENT_TARGET = 9.0;
				LD_RUNPATH_SEARCH_PATHS = "$(inherited) @executable_path/Frameworks";
				PRODUCT_BUNDLE_IDENTIFIER = com.codero.STS1;
				PRODUCT_NAME = "$(TARGET_NAME)";
				SWIFT_VERSION = 3.0;
			};
			name = Debug;
		};
		E306F0421F37980900B0251D /* Release */ = {
			isa = XCBuildConfiguration;
			buildSettings = {
				ASSETCATALOG_COMPILER_APPICON_NAME = AppIcon;
				DEVELOPMENT_TEAM = D4T692RC82;
				INFOPLIST_FILE = STS1/Info.plist;
				IPHONEOS_DEPLOYMENT_TARGET = 9.0;
				LD_RUNPATH_SEARCH_PATHS = "$(inherited) @executable_path/Frameworks";
				PRODUCT_BUNDLE_IDENTIFIER = com.codero.STS1;
				PRODUCT_NAME = "$(TARGET_NAME)";
				SWIFT_VERSION = 3.0;
			};
			name = Release;
		};
		E306F0441F37980900B0251D /* Debug */ = {
			isa = XCBuildConfiguration;
			buildSettings = {
				ALWAYS_EMBED_SWIFT_STANDARD_LIBRARIES = YES;
				BUNDLE_LOADER = "$(TEST_HOST)";
				DEVELOPMENT_TEAM = D4T692RC82;
				INFOPLIST_FILE = STS1Tests/Info.plist;
				LD_RUNPATH_SEARCH_PATHS = "$(inherited) @executable_path/Frameworks @loader_path/Frameworks";
				PRODUCT_BUNDLE_IDENTIFIER = com.codero.STS1Tests;
				PRODUCT_NAME = "$(TARGET_NAME)";
				SWIFT_VERSION = 3.0;
				TEST_HOST = "$(BUILT_PRODUCTS_DIR)/STS1.app/STS1";
			};
			name = Debug;
		};
		E306F0451F37980900B0251D /* Release */ = {
			isa = XCBuildConfiguration;
			buildSettings = {
				ALWAYS_EMBED_SWIFT_STANDARD_LIBRARIES = YES;
				BUNDLE_LOADER = "$(TEST_HOST)";
				DEVELOPMENT_TEAM = D4T692RC82;
				INFOPLIST_FILE = STS1Tests/Info.plist;
				LD_RUNPATH_SEARCH_PATHS = "$(inherited) @executable_path/Frameworks @loader_path/Frameworks";
				PRODUCT_BUNDLE_IDENTIFIER = com.codero.STS1Tests;
				PRODUCT_NAME = "$(TARGET_NAME)";
				SWIFT_VERSION = 3.0;
				TEST_HOST = "$(BUILT_PRODUCTS_DIR)/STS1.app/STS1";
			};
			name = Release;
		};
		E306F0471F37980900B0251D /* Debug */ = {
			isa = XCBuildConfiguration;
			buildSettings = {
				ALWAYS_EMBED_SWIFT_STANDARD_LIBRARIES = YES;
				DEVELOPMENT_TEAM = D4T692RC82;
				INFOPLIST_FILE = STS1UITests/Info.plist;
				LD_RUNPATH_SEARCH_PATHS = "$(inherited) @executable_path/Frameworks @loader_path/Frameworks";
				PRODUCT_BUNDLE_IDENTIFIER = com.codero.STS1UITests;
				PRODUCT_NAME = "$(TARGET_NAME)";
				SWIFT_VERSION = 3.0;
				TEST_TARGET_NAME = STS1;
			};
			name = Debug;
		};
		E306F0481F37980900B0251D /* Release */ = {
			isa = XCBuildConfiguration;
			buildSettings = {
				ALWAYS_EMBED_SWIFT_STANDARD_LIBRARIES = YES;
				DEVELOPMENT_TEAM = D4T692RC82;
				INFOPLIST_FILE = STS1UITests/Info.plist;
				LD_RUNPATH_SEARCH_PATHS = "$(inherited) @executable_path/Frameworks @loader_path/Frameworks";
				PRODUCT_BUNDLE_IDENTIFIER = com.codero.STS1UITests;
				PRODUCT_NAME = "$(TARGET_NAME)";
				SWIFT_VERSION = 3.0;
				TEST_TARGET_NAME = STS1;
			};
			name = Release;
		};
/* End XCBuildConfiguration section */

/* Begin XCConfigurationList section */
		E306F0101F37980800B0251D /* Build configuration list for PBXProject "STS1" */ = {
			isa = XCConfigurationList;
			buildConfigurations = (
				E306F03E1F37980900B0251D /* Debug */,
				E306F03F1F37980900B0251D /* Release */,
			);
			defaultConfigurationIsVisible = 0;
			defaultConfigurationName = Release;
		};
		E306F0401F37980900B0251D /* Build configuration list for PBXNativeTarget "STS1" */ = {
			isa = XCConfigurationList;
			buildConfigurations = (
				E306F0411F37980900B0251D /* Debug */,
				E306F0421F37980900B0251D /* Release */,
			);
			defaultConfigurationIsVisible = 0;
			defaultConfigurationName = Release;
		};
		E306F0431F37980900B0251D /* Build configuration list for PBXNativeTarget "STS1Tests" */ = {
			isa = XCConfigurationList;
			buildConfigurations = (
				E306F0441F37980900B0251D /* Debug */,
				E306F0451F37980900B0251D /* Release */,
			);
			defaultConfigurationIsVisible = 0;
			defaultConfigurationName = Release;
		};
		E306F0461F37980900B0251D /* Build configuration list for PBXNativeTarget "STS1UITests" */ = {
			isa = XCConfigurationList;
			buildConfigurations = (
				E306F0471F37980900B0251D /* Debug */,
				E306F0481F37980900B0251D /* Release */,
			);
			defaultConfigurationIsVisible = 0;
			defaultConfigurationName = Release;
		};
/* End XCConfigurationList section */

/* Begin XCVersionGroup section */
		E306F01F1F37980800B0251D /* STS1.xcdatamodeld */ = {
			isa = XCVersionGroup;
			children = (
				E306F0201F37980800B0251D /* STS1.xcdatamodel */,
			);
			currentVersion = E306F0201F37980800B0251D /* STS1.xcdatamodel */;
			path = STS1.xcdatamodeld;
			sourceTree = "<group>";
			versionGroupType = wrapper.xcdatamodel;
		};
/* End XCVersionGroup section */
	};
	rootObject = E306F00D1F37980800B0251D /* Project object */;
}
